
Microsoft Visual Studio Solution File, Format Version 12.00
# Visual Studio Version 16
VisualStudioVersion = 16.0.29519.87
MinimumVisualStudioVersion = 10.0.40219.1
Project("{FAE04EC0-301F-11D3-BF4B-00C04F79EFBC}") = "TranscreverNúmeros", "TranscreverNúmeros\TranscreverNúmeros.csproj", "{D90F88AE-0229-4A89-9190-0CB556AADD80}"
EndProject
Global
	GlobalSection(SolutionConfigurationPlatforms) = preSolution
		Debug|Any CPU = Debug|Any CPU
		Release|Any CPU = Release|Any CPU
	EndGlobalSection
	GlobalSection(ProjectConfigurationPlatforms) = postSolution
		{D90F88AE-0229-4A89-9190-0CB556AADD80}.Debug|Any CPU.ActiveCfg = Debug|Any CPU
		{D90F88AE-0229-4A89-9190-0CB556AADD80}.Debug|Any CPU.Build.0 = Debug|Any CPU
		{D90F88AE-0229-4A89-9190-0CB556AADD80}.Release|Any CPU.ActiveCfg = Release|Any CPU
		{D90F88AE-0229-4A89-9190-0CB556AADD80}.Release|Any CPU.Build.0 = Release|Any CPU
	EndGlobalSection
	GlobalSection(SolutionProperties) = preSolution
		HideSolutionNode = FALSE
	EndGlobalSection
	GlobalSection(ExtensibilityGlobals) = postSolution
		SolutionGuid = {722E4C9E-7A75-4B0A-BF8C-01B74DF01AFE}
	EndGlobalSection
EndGlobal
